
Microsoft Visual Studio Solution File, Format Version 12.00
# Visual Studio Version 17
VisualStudioVersion = 17.2.32630.192
MinimumVisualStudioVersion = 10.0.40219.1
Project("{FAE04EC0-301F-11D3-BF4B-00C04F79EFBC}") = "ITalent-EFCore", "ITalent-EFCore\ITalent-EFCore.csproj", "{D2F031EE-BEEB-4201-B564-2F548185F4A5}"
EndProject
Global
	GlobalSection(SolutionConfigurationPlatforms) = preSolution
		Debug|Any CPU = Debug|Any CPU
		Release|Any CPU = Release|Any CPU
	EndGlobalSection
	GlobalSection(ProjectConfigurationPlatforms) = postSolution
		{D2F031EE-BEEB-4201-B564-2F548185F4A5}.Debug|Any CPU.ActiveCfg = Debug|Any CPU
		{D2F031EE-BEEB-4201-B564-2F548185F4A5}.Debug|Any CPU.Build.0 = Debug|Any CPU
		{D2F031EE-BEEB-4201-B564-2F548185F4A5}.Release|Any CPU.ActiveCfg = Release|Any CPU
		{D2F031EE-BEEB-4201-B564-2F548185F4A5}.Release|Any CPU.Build.0 = Release|Any CPU
	EndGlobalSection
	GlobalSection(SolutionProperties) = preSolution
		HideSolutionNode = FALSE
	EndGlobalSection
	GlobalSection(ExtensibilityGlobals) = postSolution
		SolutionGuid = {2883CD69-F788-4F05-9637-5285E1E89FD2}
	EndGlobalSection
EndGlobal
